{
  "name": "PORTFOLIO DEV ( ROCKETSEAT )",
  "lockfileVersion": 3,
  "requires": true,
  "packages": {
    "": {
      "dependencies": {
        "lucide": "^0.476.0"
      }
    },
    "node_modules/lucide": {
      "version": "0.476.0",
      "resolved": "https://registry.npmjs.org/lucide/-/lucide-0.476.0.tgz",
      "integrity": "sha512-Hq4Q0Rioa2YeIeJU0Hqt0T1M5uBt/K52KaXUg9iGbnqhcIGQt+9Ttht9u0041bkr4ITDQOtYoy5eBsZvFIAvLQ==",
      "license": "ISC"
    }
  }
}
